
Microsoft Visual Studio Solution File, Format Version 12.00
# Visual Studio Version 17
VisualStudioVersion = 17.3.32819.101
MinimumVisualStudioVersion = 10.0.40219.1
Project("{00D1A9C2-B5F0-4AF3-8072-F6C62B433612}") = "CebuCityFamilyDb", "CebuCityFamilyDb\CebuCityFamilyDb.sqlproj", "{B189E389-B1CF-4919-A7AE-D70E5B1EBBE7}"
EndProject
Project("{9A19103F-16F7-4668-BE54-9A1E7A4F7556}") = "CebuCityFamilyAPI", "CebuCityFamilyAPI\CebuCityFamilyAPI.csproj", "{17CFF683-1ECE-46D2-B79A-F4F250A69027}"
EndProject
Project("{9A19103F-16F7-4668-BE54-9A1E7A4F7556}") = "CebuCityFamilyAPITests", "CebuCityFamilyTests\CebuCityFamilyAPITests.csproj", "{E501C8C7-D56D-4ACE-9D5D-8BE66F837C3C}"
EndProject
Global
	GlobalSection(SolutionConfigurationPlatforms) = preSolution
		Debug|Any CPU = Debug|Any CPU
		Release|Any CPU = Release|Any CPU
	EndGlobalSection
	GlobalSection(ProjectConfigurationPlatforms) = postSolution
		{B189E389-B1CF-4919-A7AE-D70E5B1EBBE7}.Debug|Any CPU.ActiveCfg = Debug|Any CPU
		{B189E389-B1CF-4919-A7AE-D70E5B1EBBE7}.Debug|Any CPU.Deploy.0 = Debug|Any CPU
		{B189E389-B1CF-4919-A7AE-D70E5B1EBBE7}.Release|Any CPU.ActiveCfg = Release|Any CPU
		{B189E389-B1CF-4919-A7AE-D70E5B1EBBE7}.Release|Any CPU.Build.0 = Release|Any CPU
		{B189E389-B1CF-4919-A7AE-D70E5B1EBBE7}.Release|Any CPU.Deploy.0 = Release|Any CPU
		{17CFF683-1ECE-46D2-B79A-F4F250A69027}.Debug|Any CPU.ActiveCfg = Debug|Any CPU
		{17CFF683-1ECE-46D2-B79A-F4F250A69027}.Debug|Any CPU.Build.0 = Debug|Any CPU
		{17CFF683-1ECE-46D2-B79A-F4F250A69027}.Release|Any CPU.ActiveCfg = Release|Any CPU
		{17CFF683-1ECE-46D2-B79A-F4F250A69027}.Release|Any CPU.Build.0 = Release|Any CPU
		{E501C8C7-D56D-4ACE-9D5D-8BE66F837C3C}.Debug|Any CPU.ActiveCfg = Debug|Any CPU
		{E501C8C7-D56D-4ACE-9D5D-8BE66F837C3C}.Debug|Any CPU.Build.0 = Debug|Any CPU
		{E501C8C7-D56D-4ACE-9D5D-8BE66F837C3C}.Release|Any CPU.ActiveCfg = Release|Any CPU
		{E501C8C7-D56D-4ACE-9D5D-8BE66F837C3C}.Release|Any CPU.Build.0 = Release|Any CPU
	EndGlobalSection
	GlobalSection(SolutionProperties) = preSolution
		HideSolutionNode = FALSE
	EndGlobalSection
	GlobalSection(ExtensibilityGlobals) = postSolution
		SolutionGuid = {9166A6B9-4A88-44C8-A39E-F1B633035A56}
	EndGlobalSection
EndGlobal
